// !$*UTF8*$!
{
	archiveVersion = 1;
	classes = {
	};
	objectVersion = 50;
	objects = {

/* Begin PBXBuildFile section */
		182A8A08267DB28F00BCFC40 /* AppDelegate.m in Sources */ = {isa = PBXBuildFile; fileRef = 182A8A07267DB28F00BCFC40 /* AppDelegate.m */; };
		182A8A0B267DB28F00BCFC40 /* SceneDelegate.m in Sources */ = {isa = PBXBuildFile; fileRef = 182A8A0A267DB28F00BCFC40 /* SceneDelegate.m */; };
		182A8A0E267DB28F00BCFC40 /* ViewController.m in Sources */ = {isa = PBXBuildFile; fileRef = 182A8A0D267DB28F00BCFC40 /* ViewController.m */; };
		182A8A11267DB28F00BCFC40 /* Main.storyboard in Resources */ = {isa = PBXBuildFile; fileRef = 182A8A0F267DB28F00BCFC40 /* Main.storyboard */; };
		182A8A13267DB29200BCFC40 /* Assets.xcassets in Resources */ = {isa = PBXBuildFile; fileRef = 182A8A12267DB29200BCFC40 /* Assets.xcassets */; };
		182A8A16267DB29200BCFC40 /* LaunchScreen.storyboard in Resources */ = {isa = PBXBuildFile; fileRef = 182A8A14267DB29200BCFC40 /* LaunchScreen.storyboard */; };
		182A8A19267DB29200BCFC40 /* main.m in Sources */ = {isa = PBXBuildFile; fileRef = 182A8A18267DB29200BCFC40 /* main.m */; };
		182A8A22267DB3C900BCFC40 /* MapKit.framework in Frameworks */ = {isa = PBXBuildFile; fileRef = 182A8A21267DB3C900BCFC40 /* MapKit.framework */; };
		182A8A3E267DF22D00BCFC40 /* pointRed.png in Resources */ = {isa = PBXBuildFile; fileRef = 182A8A3B267DF22D00BCFC40 /* pointRed.png */; };
		182A8A3F267DF22D00BCFC40 /* pointRed@3x.png in Resources */ = {isa = PBXBuildFile; fileRef = 182A8A3C267DF22D00BCFC40 /* pointRed@3x.png */; };
		182A8A40267DF22D00BCFC40 /* pointRed@2x.png in Resources */ = {isa = PBXBuildFile; fileRef = 182A8A3D267DF22D00BCFC40 /* pointRed@2x.png */; };
		18AD0B292692A7490036F17D /* CoreLocation.framework in Frameworks */ = {isa = PBXBuildFile; fileRef = 18AD0B282692A7490036F17D /* CoreLocation.framework */; };
/* End PBXBuildFile section */

/* Begin PBXFileReference section */
		182A8A03267DB28F00BCFC40 /* HelloMyMap_OC.app */ = {isa = PBXFileReference; explicitFileType = wrapper.application; includeInIndex = 0; path = HelloMyMap_OC.app; sourceTree = BUILT_PRODUCTS_DIR; };
		182A8A06267DB28F00BCFC40 /* AppDelegate.h */ = {isa = PBXFileReference; lastKnownFileType = sourcecode.c.h; path = AppDelegate.h; sourceTree = "<group>"; };
		182A8A07267DB28F00BCFC40 /* AppDelegate.m */ = {isa = PBXFileReference; lastKnownFileType = sourcecode.c.objc; path = AppDelegate.m; sourceTree = "<group>"; };
		182A8A09267DB28F00BCFC40 /* SceneDelegate.h */ = {isa = PBXFileReference; lastKnownFileType = sourcecode.c.h; path = SceneDelegate.h; sourceTree = "<group>"; };
		182A8A0A267DB28F00BCFC40 /* SceneDelegate.m */ = {isa = PBXFileReference; lastKnownFileType = sourcecode.c.objc; path = SceneDelegate.m; sourceTree = "<group>"; };
		182A8A0C267DB28F00BCFC40 /* ViewController.h */ = {isa = PBXFileReference; lastKnownFileType = sourcecode.c.h; path = ViewController.h; sourceTree = "<group>"; };
		182A8A0D267DB28F00BCFC40 /* ViewController.m */ = {isa = PBXFileReference; lastKnownFileType = sourcecode.c.objc; path = ViewController.m; sourceTree = "<group>"; };
		182A8A10267DB28F00BCFC40 /* Base */ = {isa = PBXFileReference; lastKnownFileType = file.storyboard; name = Base; path = Base.lproj/Main.storyboard; sourceTree = "<group>"; };
		182A8A12267DB29200BCFC40 /* Assets.xcassets */ = {isa = PBXFileReference; lastKnownFileType = folder.assetcatalog; path = Assets.xcassets; sourceTree = "<group>"; };
		182A8A15267DB29200BCFC40 /* Base */ = {isa = PBXFileReference; lastKnownFileType = file.storyboard; name = Base; path = Base.lproj/LaunchScreen.storyboard; sourceTree = "<group>"; };
		182A8A17267DB29200BCFC40 /* Info.plist */ = {isa = PBXFileReference; lastKnownFileType = text.plist.xml; path = Info.plist; sourceTree = "<group>"; };
		182A8A18267DB29200BCFC40 /* main.m */ = {isa = PBXFileReference; lastKnownFileType = sourcecode.c.objc; path = main.m; sourceTree = "<group>"; };
		182A8A21267DB3C900BCFC40 /* MapKit.framework */ = {isa = PBXFileReference; lastKnownFileType = wrapper.framework; name = MapKit.framework; path = System/Library/Frameworks/MapKit.framework; sourceTree = SDKROOT; };
		182A8A3B267DF22D00BCFC40 /* pointRed.png */ = {isa = PBXFileReference; lastKnownFileType = image.png; name = pointRed.png; path = ../../../../../SwiftHelloMap/SwiftHelloMap/pointRed.png; sourceTree = "<group>"; };
		182A8A3C267DF22D00BCFC40 /* pointRed@3x.png */ = {isa = PBXFileReference; lastKnownFileType = image.png; name = "pointRed@3x.png"; path = "../../../../../SwiftHelloMap/SwiftHelloMap/pointRed@3x.png"; sourceTree = "<group>"; };
		182A8A3D267DF22D00BCFC40 /* pointRed@2x.png */ = {isa = PBXFileReference; lastKnownFileType = image.png; name = "pointRed@2x.png"; path = "../../../../../SwiftHelloMap/SwiftHelloMap/pointRed@2x.png"; sourceTree = "<group>"; };
		18AD0B282692A7490036F17D /* CoreLocation.framework */ = {isa = PBXFileReference; lastKnownFileType = wrapper.framework; name = CoreLocation.framework; path = System/Library/Frameworks/CoreLocation.framework; sourceTree = SDKROOT; };
/* End PBXFileReference section */

/* Begin PBXFrameworksBuildPhase section */
		182A8A00267DB28F00BCFC40 /* Frameworks */ = {
			isa = PBXFrameworksBuildPhase;
			buildActionMask = 2147483647;
			files = (
				18AD0B292692A7490036F17D /* CoreLocation.framework in Frameworks */,
				182A8A22267DB3C900BCFC40 /* MapKit.framework in Frameworks */,
			);
			runOnlyForDeploymentPostprocessing = 0;
		};
/* End PBXFrameworksBuildPhase section */

/* Begin PBXGroup section */
		182A89FA267DB28F00BCFC40 = {
			isa = PBXGroup;
			children = (
				182A8A05267DB28F00BCFC40 /* HelloMyMap_OC */,
				182A8A04267DB28F00BCFC40 /* Products */,
				182A8A20267DB3C800BCFC40 /* Frameworks */,
			);
			sourceTree = "<group>";
		};
		182A8A04267DB28F00BCFC40 /* Products */ = {
			isa = PBXGroup;
			children = (
				182A8A03267DB28F00BCFC40 /* HelloMyMap_OC.app */,
			);
			name = Products;
			sourceTree = "<group>";
		};
		182A8A05267DB28F00BCFC40 /* HelloMyMap_OC */ = {
			isa = PBXGroup;
			children = (
				182A8A06267DB28F00BCFC40 /* AppDelegate.h */,
				182A8A07267DB28F00BCFC40 /* AppDelegate.m */,
				182A8A09267DB28F00BCFC40 /* SceneDelegate.h */,
				182A8A0A267DB28F00BCFC40 /* SceneDelegate.m */,
				182A8A0C267DB28F00BCFC40 /* ViewController.h */,
				182A8A0D267DB28F00BCFC40 /* ViewController.m */,
				182A8A0F267DB28F00BCFC40 /* Main.storyboard */,
				182A8A12267DB29200BCFC40 /* Assets.xcassets */,
				182A8A3A267DF22600BCFC40 /* image */,
				182A8A14267DB29200BCFC40 /* LaunchScreen.storyboard */,
				182A8A17267DB29200BCFC40 /* Info.plist */,
				182A8A18267DB29200BCFC40 /* main.m */,
			);
			path = HelloMyMap_OC;
			sourceTree = "<group>";
		};
		182A8A20267DB3C800BCFC40 /* Frameworks */ = {
			isa = PBXGroup;
			children = (
				18AD0B282692A7490036F17D /* CoreLocation.framework */,
				182A8A21267DB3C900BCFC40 /* MapKit.framework */,
			);
			name = Frameworks;
			sourceTree = "<group>";
		};
		182A8A3A267DF22600BCFC40 /* image */ = {
			isa = PBXGroup;
			children = (
				182A8A3B267DF22D00BCFC40 /* pointRed.png */,
				182A8A3D267DF22D00BCFC40 /* pointRed@2x.png */,
				182A8A3C267DF22D00BCFC40 /* pointRed@3x.png */,
			);
			path = image;
			sourceTree = "<group>";
		};
/* End PBXGroup section */

/* Begin PBXNativeTarget section */
		182A8A02267DB28F00BCFC40 /* HelloMyMap_OC */ = {
			isa = PBXNativeTarget;
			buildConfigurationList = 182A8A1C267DB29200BCFC40 /* Build configuration list for PBXNativeTarget "HelloMyMap_OC" */;
			buildPhases = (
				182A89FF267DB28F00BCFC40 /* Sources */,
				182A8A00267DB28F00BCFC40 /* Frameworks */,
				182A8A01267DB28F00BCFC40 /* Resources */,
			);
			buildRules = (
			);
			dependencies = (
			);
			name = HelloMyMap_OC;
			productName = HelloMyMap_OC;
			productReference = 182A8A03267DB28F00BCFC40 /* HelloMyMap_OC.app */;
			productType = "com.apple.product-type.application";
		};
/* End PBXNativeTarget section */

/* Begin PBXProject section */
		182A89FB267DB28F00BCFC40 /* Project object */ = {
			isa = PBXProject;
			attributes = {
				LastUpgradeCheck = 1240;
				TargetAttributes = {
					182A8A02267DB28F00BCFC40 = {
						CreatedOnToolsVersion = 12.4;
					};
				};
			};
			buildConfigurationList = 182A89FE267DB28F00BCFC40 /* Build configuration list for PBXProject "HelloMyMap_OC" */;
			compatibilityVersion = "Xcode 9.3";
			developmentRegion = en;
			hasScannedForEncodings = 0;
			knownRegions = (
				en,
				Base,
			);
			mainGroup = 182A89FA267DB28F00BCFC40;
			productRefGroup = 182A8A04267DB28F00BCFC40 /* Products */;
			projectDirPath = "";
			projectRoot = "";
			targets = (
				182A8A02267DB28F00BCFC40 /* HelloMyMap_OC */,
			);
		};
/* End PBXProject section */

/* Begin PBXResourcesBuildPhase section */
		182A8A01267DB28F00BCFC40 /* Resources */ = {
			isa = PBXResourcesBuildPhase;
			buildActionMask = 2147483647;
			files = (
				182A8A3E267DF22D00BCFC40 /* pointRed.png in Resources */,
				182A8A16267DB29200BCFC40 /* LaunchScreen.storyboard in Resources */,
				182A8A13267DB29200BCFC40 /* Assets.xcassets in Resources */,
				182A8A11267DB28F00BCFC40 /* Main.storyboard in Resources */,
				182A8A3F267DF22D00BCFC40 /* pointRed@3x.png in Resources */,
				182A8A40267DF22D00BCFC40 /* pointRed@2x.png in Resources */,
			);
			runOnlyForDeploymentPostprocessing = 0;
		};
/* End PBXResourcesBuildPhase section */

/* Begin PBXSourcesBuildPhase section */
		182A89FF267DB28F00BCFC40 /* Sources */ = {
			isa = PBXSourcesBuildPhase;
			buildActionMask = 2147483647;
			files = (
				182A8A0E267DB28F00BCFC40 /* ViewController.m in Sources */,
				182A8A08267DB28F00BCFC40 /* AppDelegate.m in Sources */,
				182A8A19267DB29200BCFC40 /* main.m in Sources */,
				182A8A0B267DB28F00BCFC40 /* SceneDelegate.m in Sources */,
			);
			runOnlyForDeploymentPostprocessing = 0;
		};
/* End PBXSourcesBuildPhase section */

/* Begin PBXVariantGroup section */
		182A8A0F267DB28F00BCFC40 /* Main.storyboard */ = {
			isa = PBXVariantGroup;
			children = (
				182A8A10267DB28F00BCFC40 /* Base */,
			);
			name = Main.storyboard;
			sourceTree = "<group>";
		};
		182A8A14267DB29200BCFC40 /* LaunchScreen.storyboard */ = {
			isa = PBXVariantGroup;
			children = (
				182A8A15267DB29200BCFC40 /* Base */,
			);
			name = LaunchScreen.storyboard;
			sourceTree = "<group>";
		};
/* End PBXVariantGroup section */

/* Begin XCBuildConfiguration section */
		182A8A1A267DB29200BCFC40 /* Debug */ = {
			isa = XCBuildConfiguration;
			buildSettings = {
				ALWAYS_SEARCH_USER_PATHS = NO;
				CLANG_ANALYZER_NONNULL = YES;
				CLANG_ANALYZER_NUMBER_OBJECT_CONVERSION = YES_AGGRESSIVE;
				CLANG_CXX_LANGUAGE_STANDARD = "gnu++14";
				CLANG_CXX_LIBRARY = "libc++";
				CLANG_ENABLE_MODULES = YES;
				CLANG_ENABLE_OBJC_ARC = YES;
				CLANG_ENABLE_OBJC_WEAK = YES;
				CLANG_WARN_BLOCK_CAPTURE_AUTORELEASING = YES;
				CLANG_WARN_BOOL_CONVERSION = YES;
				CLANG_WARN_COMMA = YES;
				CLANG_WARN_CONSTANT_CONVERSION = YES;
				CLANG_WARN_DEPRECATED_OBJC_IMPLEMENTATIONS = YES;
				CLANG_WARN_DIRECT_OBJC_ISA_USAGE = YES_ERROR;
				CLANG_WARN_DOCUMENTATION_COMMENTS = YES;
				CLANG_WARN_EMPTY_BODY = YES;
				CLANG_WARN_ENUM_CONVERSION = YES;
				CLANG_WARN_INFINITE_RECURSION = YES;
				CLANG_WARN_INT_CONVERSION = YES;
				CLANG_WARN_NON_LITERAL_NULL_CONVERSION = YES;
				CLANG_WARN_OBJC_IMPLICIT_RETAIN_SELF = YES;
				CLANG_WARN_OBJC_LITERAL_CONVERSION = YES;
				CLANG_WARN_OBJC_ROOT_CLASS = YES_ERROR;
				CLANG_WARN_QUOTED_INCLUDE_IN_FRAMEWORK_HEADER = YES;
				CLANG_WARN_RANGE_LOOP_ANALYSIS = YES;
				CLANG_WARN_STRICT_PROTOTYPES = YES;
				CLANG_WARN_SUSPICIOUS_MOVE = YES;
				CLANG_WARN_UNGUARDED_AVAILABILITY = YES_AGGRESSIVE;
				CLANG_WARN_UNREACHABLE_CODE = YES;
				CLANG_WARN__DUPLICATE_METHOD_MATCH = YES;
				COPY_PHASE_STRIP = NO;
				DEBUG_INFORMATION_FORMAT = dwarf;
				ENABLE_STRICT_OBJC_MSGSEND = YES;
				ENABLE_TESTABILITY = YES;
				GCC_C_LANGUAGE_STANDARD = gnu11;
				GCC_DYNAMIC_NO_PIC = NO;
				GCC_NO_COMMON_BLOCKS = YES;
				GCC_OPTIMIZATION_LEVEL = 0;
				GCC_PREPROCESSOR_DEFINITIONS = (
					"DEBUG=1",
					"$(inherited)",
				);
				GCC_WARN_64_TO_32_BIT_CONVERSION = YES;
				GCC_WARN_ABOUT_RETURN_TYPE = YES_ERROR;
				GCC_WARN_UNDECLARED_SELECTOR = YES;
				GCC_WARN_UNINITIALIZED_AUTOS = YES_AGGRESSIVE;
				GCC_WARN_UNUSED_FUNCTION = YES;
				GCC_WARN_UNUSED_VARIABLE = YES;
				IPHONEOS_DEPLOYMENT_TARGET = 14.4;
				MTL_ENABLE_DEBUG_INFO = INCLUDE_SOURCE;
				MTL_FAST_MATH = YES;
				ONLY_ACTIVE_ARCH = YES;
				SDKROOT = iphoneos;
			};
			name = Debug;
		};
		182A8A1B267DB29200BCFC40 /* Release */ = {
			isa = XCBuildConfiguration;
			buildSettings = {
				ALWAYS_SEARCH_USER_PATHS = NO;
				CLANG_ANALYZER_NONNULL = YES;
				CLANG_ANALYZER_NUMBER_OBJECT_CONVERSION = YES_AGGRESSIVE;
				CLANG_CXX_LANGUAGE_STANDARD = "gnu++14";
				CLANG_CXX_LIBRARY = "libc++";
				CLANG_ENABLE_MODULES = YES;
				CLANG_ENABLE_OBJC_ARC = YES;
				CLANG_ENABLE_OBJC_WEAK = YES;
				CLANG_WARN_BLOCK_CAPTURE_AUTORELEASING = YES;
				CLANG_WARN_BOOL_CONVERSION = YES;
				CLANG_WARN_COMMA = YES;
				CLANG_WARN_CONSTANT_CONVERSION = YES;
				CLANG_WARN_DEPRECATED_OBJC_IMPLEMENTATIONS = YES;
				CLANG_WARN_DIRECT_OBJC_ISA_USAGE = YES_ERROR;
				CLANG_WARN_DOCUMENTATION_COMMENTS = YES;
				CLANG_WARN_EMPTY_BODY = YES;
				CLANG_WARN_ENUM_CONVERSION = YES;
				CLANG_WARN_INFINITE_RECURSION = YES;
				CLANG_WARN_INT_CONVERSION = YES;
				CLANG_WARN_NON_LITERAL_NULL_CONVERSION = YES;
				CLANG_WARN_OBJC_IMPLICIT_RETAIN_SELF = YES;
				CLANG_WARN_OBJC_LITERAL_CONVERSION = YES;
				CLANG_WARN_OBJC_ROOT_CLASS = YES_ERROR;
				CLANG_WARN_QUOTED_INCLUDE_IN_FRAMEWORK_HEADER = YES;
				CLANG_WARN_RANGE_LOOP_ANALYSIS = YES;
				CLANG_WARN_STRICT_PROTOTYPES = YES;
				CLANG_WARN_SUSPICIOUS_MOVE = YES;
				CLANG_WARN_UNGUARDED_AVAILABILITY = YES_AGGRESSIVE;
				CLANG_WARN_UNREACHABLE_CODE = YES;
				CLANG_WARN__DUPLICATE_METHOD_MATCH = YES;
				COPY_PHASE_STRIP = NO;
				DEBUG_INFORMATION_FORMAT = "dwarf-with-dsym";
				ENABLE_NS_ASSERTIONS = NO;
				ENABLE_STRICT_OBJC_MSGSEND = YES;
				GCC_C_LANGUAGE_STANDARD = gnu11;
				GCC_NO_COMMON_BLOCKS = YES;
				GCC_WARN_64_TO_32_BIT_CONVERSION = YES;
				GCC_WARN_ABOUT_RETURN_TYPE = YES_ERROR;
				GCC_WARN_UNDECLARED_SELECTOR = YES;
				GCC_WARN_UNINITIALIZED_AUTOS = YES_AGGRESSIVE;
				GCC_WARN_UNUSED_FUNCTION = YES;
				GCC_WARN_UNUSED_VARIABLE = YES;
				IPHONEOS_DEPLOYMENT_TARGET = 14.4;
				MTL_ENABLE_DEBUG_INFO = NO;
				MTL_FAST_MATH = YES;
				SDKROOT = iphoneos;
				VALIDATE_PRODUCT = YES;
			};
			name = Release;
		};
		182A8A1D267DB29200BCFC40 /* Debug */ = {
			isa = XCBuildConfiguration;
			buildSettings = {
				ASSETCATALOG_COMPILER_APPICON_NAME = AppIcon;
				ASSETCATALOG_COMPILER_GLOBAL_ACCENT_COLOR_NAME = AccentColor;
				CODE_SIGN_STYLE = Automatic;
				DEVELOPMENT_TEAM = "";
				INFOPLIST_FILE = HelloMyMap_OC/Info.plist;
				LD_RUNPATH_SEARCH_PATHS = (
					"$(inherited)",
					"@executable_path/Frameworks",
				);
				PRODUCT_BUNDLE_IDENTIFIER = "com.ArielKo.HelloMyMap-OC";
				PRODUCT_NAME = "$(TARGET_NAME)";
				TARGETED_DEVICE_FAMILY = "1,2";
			};
			name = Debug;
		};
		182A8A1E267DB29200BCFC40 /* Release */ = {
			isa = XCBuildConfiguration;
			buildSettings = {
				ASSETCATALOG_COMPILER_APPICON_NAME = AppIcon;
				ASSETCATALOG_COMPILER_GLOBAL_ACCENT_COLOR_NAME = AccentColor;
				CODE_SIGN_STYLE = Automatic;
				DEVELOPMENT_TEAM = "";
				INFOPLIST_FILE = HelloMyMap_OC/Info.plist;
				LD_RUNPATH_SEARCH_PATHS = (
					"$(inherited)",
					"@executable_path/Frameworks",
				);
				PRODUCT_BUNDLE_IDENTIFIER = "com.ArielKo.HelloMyMap-OC";
				PRODUCT_NAME = "$(TARGET_NAME)";
				TARGETED_DEVICE_FAMILY = "1,2";
			};
			name = Release;
		};
/* End XCBuildConfiguration section */

/* Begin XCConfigurationList section */
		182A89FE267DB28F00BCFC40 /* Build configuration list for PBXProject "HelloMyMap_OC" */ = {
			isa = XCConfigurationList;
			buildConfigurations = (
				182A8A1A267DB29200BCFC40 /* Debug */,
				182A8A1B267DB29200BCFC40 /* Release */,
			);
			defaultConfigurationIsVisible = 0;
			defaultConfigurationName = Release;
		};
		182A8A1C267DB29200BCFC40 /* Build configuration list for PBXNativeTarget "HelloMyMap_OC" */ = {
			isa = XCConfigurationList;
			buildConfigurations = (
				182A8A1D267DB29200BCFC40 /* Debug */,
				182A8A1E267DB29200BCFC40 /* Release */,
			);
			defaultConfigurationIsVisible = 0;
			defaultConfigurationName = Release;
		};
/* End XCConfigurationList section */
	};
	rootObject = 182A89FB267DB28F00BCFC40 /* Project object */;
}
